
Microsoft Visual Studio Solution File, Format Version 12.00
# Visual Studio for Mac
Project("{FAE04EC0-301F-11D3-BF4B-00C04F79EFBC}") = "Zenject", "Zenject.csproj", "{79B0BB4A-FCDE-3117-FCFB-7C354AC905FF}"
EndProject
Project("{FAE04EC0-301F-11D3-BF4B-00C04F79EFBC}") = "UniRx", "UniRx.csproj", "{8706B5A7-F575-885C-5782-1D315B9676C6}"
EndProject
Project("{FAE04EC0-301F-11D3-BF4B-00C04F79EFBC}") = "PhotonUnityNetworking.Demos", "PhotonUnityNetworking.Demos.csproj", "{4911E516-89C8-B07B-8E74-505A8EEB76A3}"
EndProject
Project("{FAE04EC0-301F-11D3-BF4B-00C04F79EFBC}") = "PhotonUnityNetworking.Utilities", "PhotonUnityNetworking.Utilities.csproj", "{A9A48738-C296-B515-08F9-ED83E4A44AE1}"
EndProject
Project("{FAE04EC0-301F-11D3-BF4B-00C04F79EFBC}") = "Assembly-CSharp", "Assembly-CSharp.csproj", "{1F45A5F6-0FF3-A7B5-2020-EE498E2751E1}"
EndProject
Project("{FAE04EC0-301F-11D3-BF4B-00C04F79EFBC}") = "UniRx.Async", "UniRx.Async.csproj", "{325E7B75-9628-C0D4-DC56-705F249FB9E4}"
EndProject
Project("{FAE04EC0-301F-11D3-BF4B-00C04F79EFBC}") = "PhotonChat", "PhotonChat.csproj", "{20E54E64-C714-BFB2-4043-EF1F3C1421E2}"
EndProject
Project("{FAE04EC0-301F-11D3-BF4B-00C04F79EFBC}") = "UniRx.Examples", "UniRx.Examples.csproj", "{81F5F104-C331-3B6C-5F38-7A295E6DF1A9}"
EndProject
Project("{FAE04EC0-301F-11D3-BF4B-00C04F79EFBC}") = "PhotonUnityNetworking", "PhotonUnityNetworking.csproj", "{32A689D4-D011-208D-FEBF-FE42B6EB85D5}"
EndProject
Project("{FAE04EC0-301F-11D3-BF4B-00C04F79EFBC}") = "PhotonRealtime", "PhotonRealtime.csproj", "{5F6DF491-8832-BBCB-70DD-00408555166B}"
EndProject
Project("{FAE04EC0-301F-11D3-BF4B-00C04F79EFBC}") = "PhotonWebSocket", "PhotonWebSocket.csproj", "{56E5E356-F743-1D3C-1D45-8ECF9BFEF78E}"
EndProject
Project("{FAE04EC0-301F-11D3-BF4B-00C04F79EFBC}") = "Zenject-PoolMonitor-Editor", "Zenject-PoolMonitor-Editor.csproj", "{17CA71B7-DE2D-954F-065A-712433EAFA30}"
EndProject
Project("{FAE04EC0-301F-11D3-BF4B-00C04F79EFBC}") = "Assembly-CSharp-Editor", "Assembly-CSharp-Editor.csproj", "{554A1EA5-9A5C-59B9-25A5-EDC4BF128AFC}"
EndProject
Project("{FAE04EC0-301F-11D3-BF4B-00C04F79EFBC}") = "Zenject-ReflectionBaking-Editor", "Zenject-ReflectionBaking-Editor.csproj", "{11192C7C-9A04-3214-DB44-0624EC083834}"
EndProject
Project("{FAE04EC0-301F-11D3-BF4B-00C04F79EFBC}") = "PhotonUnityNetworking.Editor", "PhotonUnityNetworking.Editor.csproj", "{9AF2CA7A-6C47-C469-6192-27D23A1B92D4}"
EndProject
Project("{FAE04EC0-301F-11D3-BF4B-00C04F79EFBC}") = "Zenject-Editor", "Zenject-Editor.csproj", "{631C8F4C-EF86-D430-D1A2-3E980D361131}"
EndProject
Project("{FAE04EC0-301F-11D3-BF4B-00C04F79EFBC}") = "PunDemos.DemoHubEditor", "PunDemos.DemoHubEditor.csproj", "{3B841C10-1E76-B1B3-4C06-1CED84A85F42}"
EndProject
Project("{FAE04EC0-301F-11D3-BF4B-00C04F79EFBC}") = "Zenject-TestFramework", "Zenject-TestFramework.csproj", "{72886F66-1CF3-CB70-EED0-F1AFC0BCAC2F}"
EndProject
Project("{FAE04EC0-301F-11D3-BF4B-00C04F79EFBC}") = "PhotonUnityNetworking.Utilities.PhotonPlayer.Editor", "PhotonUnityNetworking.Utilities.PhotonPlayer.Editor.csproj", "{234EB835-8A20-AD3A-67D9-08ED52692C9D}"
EndProject
Project("{FAE04EC0-301F-11D3-BF4B-00C04F79EFBC}") = "UniRx.Async.Editor", "UniRx.Async.Editor.csproj", "{0B3F1947-7C18-D069-1461-858EDD503219}"
EndProject
Project("{FAE04EC0-301F-11D3-BF4B-00C04F79EFBC}") = "PhotonUnityNetworking.Utilities.Culling.Editor", "PhotonUnityNetworking.Utilities.Culling.Editor.csproj", "{1079C97F-5060-ACB2-C042-7473861BEE69}"
EndProject
Project("{FAE04EC0-301F-11D3-BF4B-00C04F79EFBC}") = "PunDemos.DemoSlotcarEditor", "PunDemos.DemoSlotcarEditor.csproj", "{9F2B2181-8E66-9F63-AC1E-196C10D3B690}"
EndProject
Global
	GlobalSection(SolutionConfigurationPlatforms) = preSolution
		Debug|Any CPU = Debug|Any CPU
		Release|Any CPU = Release|Any CPU
	EndGlobalSection
	GlobalSection(ProjectConfigurationPlatforms) = postSolution
		{79B0BB4A-FCDE-3117-FCFB-7C354AC905FF}.Debug|Any CPU.ActiveCfg = Debug|Any CPU
		{79B0BB4A-FCDE-3117-FCFB-7C354AC905FF}.Debug|Any CPU.Build.0 = Debug|Any CPU
		{79B0BB4A-FCDE-3117-FCFB-7C354AC905FF}.Release|Any CPU.ActiveCfg = Release|Any CPU
		{79B0BB4A-FCDE-3117-FCFB-7C354AC905FF}.Release|Any CPU.Build.0 = Release|Any CPU
		{8706B5A7-F575-885C-5782-1D315B9676C6}.Debug|Any CPU.ActiveCfg = Debug|Any CPU
		{8706B5A7-F575-885C-5782-1D315B9676C6}.Debug|Any CPU.Build.0 = Debug|Any CPU
		{8706B5A7-F575-885C-5782-1D315B9676C6}.Release|Any CPU.ActiveCfg = Release|Any CPU
		{8706B5A7-F575-885C-5782-1D315B9676C6}.Release|Any CPU.Build.0 = Release|Any CPU
		{4911E516-89C8-B07B-8E74-505A8EEB76A3}.Debug|Any CPU.ActiveCfg = Debug|Any CPU
		{4911E516-89C8-B07B-8E74-505A8EEB76A3}.Debug|Any CPU.Build.0 = Debug|Any CPU
		{4911E516-89C8-B07B-8E74-505A8EEB76A3}.Release|Any CPU.ActiveCfg = Release|Any CPU
		{4911E516-89C8-B07B-8E74-505A8EEB76A3}.Release|Any CPU.Build.0 = Release|Any CPU
		{A9A48738-C296-B515-08F9-ED83E4A44AE1}.Debug|Any CPU.ActiveCfg = Debug|Any CPU
		{A9A48738-C296-B515-08F9-ED83E4A44AE1}.Debug|Any CPU.Build.0 = Debug|Any CPU
		{A9A48738-C296-B515-08F9-ED83E4A44AE1}.Release|Any CPU.ActiveCfg = Release|Any CPU
		{A9A48738-C296-B515-08F9-ED83E4A44AE1}.Release|Any CPU.Build.0 = Release|Any CPU
		{1F45A5F6-0FF3-A7B5-2020-EE498E2751E1}.Debug|Any CPU.ActiveCfg = Debug|Any CPU
		{1F45A5F6-0FF3-A7B5-2020-EE498E2751E1}.Debug|Any CPU.Build.0 = Debug|Any CPU
		{1F45A5F6-0FF3-A7B5-2020-EE498E2751E1}.Release|Any CPU.ActiveCfg = Release|Any CPU
		{1F45A5F6-0FF3-A7B5-2020-EE498E2751E1}.Release|Any CPU.Build.0 = Release|Any CPU
		{325E7B75-9628-C0D4-DC56-705F249FB9E4}.Debug|Any CPU.ActiveCfg = Debug|Any CPU
		{325E7B75-9628-C0D4-DC56-705F249FB9E4}.Debug|Any CPU.Build.0 = Debug|Any CPU
		{325E7B75-9628-C0D4-DC56-705F249FB9E4}.Release|Any CPU.ActiveCfg = Release|Any CPU
		{325E7B75-9628-C0D4-DC56-705F249FB9E4}.Release|Any CPU.Build.0 = Release|Any CPU
		{20E54E64-C714-BFB2-4043-EF1F3C1421E2}.Debug|Any CPU.ActiveCfg = Debug|Any CPU
		{20E54E64-C714-BFB2-4043-EF1F3C1421E2}.Debug|Any CPU.Build.0 = Debug|Any CPU
		{20E54E64-C714-BFB2-4043-EF1F3C1421E2}.Release|Any CPU.ActiveCfg = Release|Any CPU
		{20E54E64-C714-BFB2-4043-EF1F3C1421E2}.Release|Any CPU.Build.0 = Release|Any CPU
		{81F5F104-C331-3B6C-5F38-7A295E6DF1A9}.Debug|Any CPU.ActiveCfg = Debug|Any CPU
		{81F5F104-C331-3B6C-5F38-7A295E6DF1A9}.Debug|Any CPU.Build.0 = Debug|Any CPU
		{81F5F104-C331-3B6C-5F38-7A295E6DF1A9}.Release|Any CPU.ActiveCfg = Release|Any CPU
		{81F5F104-C331-3B6C-5F38-7A295E6DF1A9}.Release|Any CPU.Build.0 = Release|Any CPU
		{32A689D4-D011-208D-FEBF-FE42B6EB85D5}.Debug|Any CPU.ActiveCfg = Debug|Any CPU
		{32A689D4-D011-208D-FEBF-FE42B6EB85D5}.Debug|Any CPU.Build.0 = Debug|Any CPU
		{32A689D4-D011-208D-FEBF-FE42B6EB85D5}.Release|Any CPU.ActiveCfg = Release|Any CPU
		{32A689D4-D011-208D-FEBF-FE42B6EB85D5}.Release|Any CPU.Build.0 = Release|Any CPU
		{5F6DF491-8832-BBCB-70DD-00408555166B}.Debug|Any CPU.ActiveCfg = Debug|Any CPU
		{5F6DF491-8832-BBCB-70DD-00408555166B}.Debug|Any CPU.Build.0 = Debug|Any CPU
		{5F6DF491-8832-BBCB-70DD-00408555166B}.Release|Any CPU.ActiveCfg = Release|Any CPU
		{5F6DF491-8832-BBCB-70DD-00408555166B}.Release|Any CPU.Build.0 = Release|Any CPU
		{56E5E356-F743-1D3C-1D45-8ECF9BFEF78E}.Debug|Any CPU.ActiveCfg = Debug|Any CPU
		{56E5E356-F743-1D3C-1D45-8ECF9BFEF78E}.Debug|Any CPU.Build.0 = Debug|Any CPU
		{56E5E356-F743-1D3C-1D45-8ECF9BFEF78E}.Release|Any CPU.ActiveCfg = Release|Any CPU
		{56E5E356-F743-1D3C-1D45-8ECF9BFEF78E}.Release|Any CPU.Build.0 = Release|Any CPU
		{17CA71B7-DE2D-954F-065A-712433EAFA30}.Debug|Any CPU.ActiveCfg = Debug|Any CPU
		{17CA71B7-DE2D-954F-065A-712433EAFA30}.Debug|Any CPU.Build.0 = Debug|Any CPU
		{17CA71B7-DE2D-954F-065A-712433EAFA30}.Release|Any CPU.ActiveCfg = Release|Any CPU
		{17CA71B7-DE2D-954F-065A-712433EAFA30}.Release|Any CPU.Build.0 = Release|Any CPU
		{554A1EA5-9A5C-59B9-25A5-EDC4BF128AFC}.Debug|Any CPU.ActiveCfg = Debug|Any CPU
		{554A1EA5-9A5C-59B9-25A5-EDC4BF128AFC}.Debug|Any CPU.Build.0 = Debug|Any CPU
		{554A1EA5-9A5C-59B9-25A5-EDC4BF128AFC}.Release|Any CPU.ActiveCfg = Release|Any CPU
		{554A1EA5-9A5C-59B9-25A5-EDC4BF128AFC}.Release|Any CPU.Build.0 = Release|Any CPU
		{11192C7C-9A04-3214-DB44-0624EC083834}.Debug|Any CPU.ActiveCfg = Debug|Any CPU
		{11192C7C-9A04-3214-DB44-0624EC083834}.Debug|Any CPU.Build.0 = Debug|Any CPU
		{11192C7C-9A04-3214-DB44-0624EC083834}.Release|Any CPU.ActiveCfg = Release|Any CPU
		{11192C7C-9A04-3214-DB44-0624EC083834}.Release|Any CPU.Build.0 = Release|Any CPU
		{9AF2CA7A-6C47-C469-6192-27D23A1B92D4}.Debug|Any CPU.ActiveCfg = Debug|Any CPU
		{9AF2CA7A-6C47-C469-6192-27D23A1B92D4}.Debug|Any CPU.Build.0 = Debug|Any CPU
		{9AF2CA7A-6C47-C469-6192-27D23A1B92D4}.Release|Any CPU.ActiveCfg = Release|Any CPU
		{9AF2CA7A-6C47-C469-6192-27D23A1B92D4}.Release|Any CPU.Build.0 = Release|Any CPU
		{631C8F4C-EF86-D430-D1A2-3E980D361131}.Debug|Any CPU.ActiveCfg = Debug|Any CPU
		{631C8F4C-EF86-D430-D1A2-3E980D361131}.Debug|Any CPU.Build.0 = Debug|Any CPU
		{631C8F4C-EF86-D430-D1A2-3E980D361131}.Release|Any CPU.ActiveCfg = Release|Any CPU
		{631C8F4C-EF86-D430-D1A2-3E980D361131}.Release|Any CPU.Build.0 = Release|Any CPU
		{3B841C10-1E76-B1B3-4C06-1CED84A85F42}.Debug|Any CPU.ActiveCfg = Debug|Any CPU
		{3B841C10-1E76-B1B3-4C06-1CED84A85F42}.Debug|Any CPU.Build.0 = Debug|Any CPU
		{3B841C10-1E76-B1B3-4C06-1CED84A85F42}.Release|Any CPU.ActiveCfg = Release|Any CPU
		{3B841C10-1E76-B1B3-4C06-1CED84A85F42}.Release|Any CPU.Build.0 = Release|Any CPU
		{72886F66-1CF3-CB70-EED0-F1AFC0BCAC2F}.Debug|Any CPU.ActiveCfg = Debug|Any CPU
		{72886F66-1CF3-CB70-EED0-F1AFC0BCAC2F}.Debug|Any CPU.Build.0 = Debug|Any CPU
		{72886F66-1CF3-CB70-EED0-F1AFC0BCAC2F}.Release|Any CPU.ActiveCfg = Release|Any CPU
		{72886F66-1CF3-CB70-EED0-F1AFC0BCAC2F}.Release|Any CPU.Build.0 = Release|Any CPU
		{234EB835-8A20-AD3A-67D9-08ED52692C9D}.Debug|Any CPU.ActiveCfg = Debug|Any CPU
		{234EB835-8A20-AD3A-67D9-08ED52692C9D}.Debug|Any CPU.Build.0 = Debug|Any CPU
		{234EB835-8A20-AD3A-67D9-08ED52692C9D}.Release|Any CPU.ActiveCfg = Release|Any CPU
		{234EB835-8A20-AD3A-67D9-08ED52692C9D}.Release|Any CPU.Build.0 = Release|Any CPU
		{0B3F1947-7C18-D069-1461-858EDD503219}.Debug|Any CPU.ActiveCfg = Debug|Any CPU
		{0B3F1947-7C18-D069-1461-858EDD503219}.Debug|Any CPU.Build.0 = Debug|Any CPU
		{0B3F1947-7C18-D069-1461-858EDD503219}.Release|Any CPU.ActiveCfg = Release|Any CPU
		{0B3F1947-7C18-D069-1461-858EDD503219}.Release|Any CPU.Build.0 = Release|Any CPU
		{1079C97F-5060-ACB2-C042-7473861BEE69}.Debug|Any CPU.ActiveCfg = Debug|Any CPU
		{1079C97F-5060-ACB2-C042-7473861BEE69}.Debug|Any CPU.Build.0 = Debug|Any CPU
		{1079C97F-5060-ACB2-C042-7473861BEE69}.Release|Any CPU.ActiveCfg = Release|Any CPU
		{1079C97F-5060-ACB2-C042-7473861BEE69}.Release|Any CPU.Build.0 = Release|Any CPU
		{9F2B2181-8E66-9F63-AC1E-196C10D3B690}.Debug|Any CPU.ActiveCfg = Debug|Any CPU
		{9F2B2181-8E66-9F63-AC1E-196C10D3B690}.Debug|Any CPU.Build.0 = Debug|Any CPU
		{9F2B2181-8E66-9F63-AC1E-196C10D3B690}.Release|Any CPU.ActiveCfg = Release|Any CPU
		{9F2B2181-8E66-9F63-AC1E-196C10D3B690}.Release|Any CPU.Build.0 = Release|Any CPU
	EndGlobalSection
	GlobalSection(SolutionProperties) = preSolution
		HideSolutionNode = FALSE
	EndGlobalSection
EndGlobal
